
Microsoft Visual Studio Solution File, Format Version 12.00
# Visual Studio Version 17
VisualStudioVersion = 17.3.32811.315
MinimumVisualStudioVersion = 10.0.40219.1
Project("{00D1A9C2-B5F0-4AF3-8072-F6C62B433612}") = "Customer.Database.Project", "Customer.Database.Project\Customer.Database.Project.sqlproj", "{6BD8D533-ABBC-402B-8C81-ED84D4552553}"
EndProject
Global
	GlobalSection(SolutionConfigurationPlatforms) = preSolution
		Debug|Any CPU = Debug|Any CPU
		Release|Any CPU = Release|Any CPU
	EndGlobalSection
	GlobalSection(ProjectConfigurationPlatforms) = postSolution
		{6BD8D533-ABBC-402B-8C81-ED84D4552553}.Debug|Any CPU.ActiveCfg = Debug|Any CPU
		{6BD8D533-ABBC-402B-8C81-ED84D4552553}.Debug|Any CPU.Build.0 = Debug|Any CPU
		{6BD8D533-ABBC-402B-8C81-ED84D4552553}.Debug|Any CPU.Deploy.0 = Debug|Any CPU
		{6BD8D533-ABBC-402B-8C81-ED84D4552553}.Release|Any CPU.ActiveCfg = Release|Any CPU
		{6BD8D533-ABBC-402B-8C81-ED84D4552553}.Release|Any CPU.Build.0 = Release|Any CPU
		{6BD8D533-ABBC-402B-8C81-ED84D4552553}.Release|Any CPU.Deploy.0 = Release|Any CPU
	EndGlobalSection
	GlobalSection(SolutionProperties) = preSolution
		HideSolutionNode = FALSE
	EndGlobalSection
	GlobalSection(ExtensibilityGlobals) = postSolution
		SolutionGuid = {6C342D33-49A1-4CEB-8DCD-83043D873AF9}
	EndGlobalSection
EndGlobal
